// !$*UTF8*$!
{
	archiveVersion = 1;
	classes = {
	};
	objectVersion = 46;
	objects = {

/* Begin PBXBuildFile section */
		BA53B91717A37C290065862C /* DVTKit.framework in Frameworks */ = {isa = PBXBuildFile; fileRef = BA53B91617A37C290065862C /* DVTKit.framework */; };
		BA7A2A2D17F420F5007052DD /* XFunnyBackgroundView.m in Sources */ = {isa = PBXBuildFile; fileRef = BA7A2A2C17F420F5007052DD /* XFunnyBackgroundView.m */; };
		BA8A874F17F40AAF00A20250 /* PreferenceWindowController.m in Sources */ = {isa = PBXBuildFile; fileRef = BA8A874D17F40AAF00A20250 /* PreferenceWindowController.m */; };
		BA8A875017F40AAF00A20250 /* PreferenceWindowController.xib in Resources */ = {isa = PBXBuildFile; fileRef = BA8A874E17F40AAF00A20250 /* PreferenceWindowController.xib */; };
		BAAC24C217A3755800C31251 /* AppKit.framework in Frameworks */ = {isa = PBXBuildFile; fileRef = BAAC24C117A3755800C31251 /* AppKit.framework */; };
		BAAC24C417A3755800C31251 /* Foundation.framework in Frameworks */ = {isa = PBXBuildFile; fileRef = BAAC24C317A3755800C31251 /* Foundation.framework */; };
		BAAC24CA17A3755800C31251 /* InfoPlist.strings in Resources */ = {isa = PBXBuildFile; fileRef = BAAC24C817A3755800C31251 /* InfoPlist.strings */; };
		BAAC24CD17A3755800C31251 /* XFunnyEditor.m in Sources */ = {isa = PBXBuildFile; fileRef = BAAC24CC17A3755800C31251 /* XFunnyEditor.m */; };
/* End PBXBuildFile section */

/* Begin PBXFileReference section */
		BA53B91217A37AD40065862C /* Xcode.h */ = {isa = PBXFileReference; lastKnownFileType = sourcecode.c.h; path = Xcode.h; sourceTree = "<group>"; };
		BA53B91617A37C290065862C /* DVTKit.framework */ = {isa = PBXFileReference; lastKnownFileType = wrapper.framework; name = DVTKit.framework; path = /Applications/Xcode.app/Contents/SharedFrameworks/DVTKit.framework; sourceTree = "<absolute>"; };
		BA7A2A2B17F420F5007052DD /* XFunnyBackgroundView.h */ = {isa = PBXFileReference; fileEncoding = 4; lastKnownFileType = sourcecode.c.h; path = XFunnyBackgroundView.h; sourceTree = "<group>"; };
		BA7A2A2C17F420F5007052DD /* XFunnyBackgroundView.m */ = {isa = PBXFileReference; fileEncoding = 4; lastKnownFileType = sourcecode.c.objc; path = XFunnyBackgroundView.m; sourceTree = "<group>"; };
		BA8A874C17F40AAF00A20250 /* PreferenceWindowController.h */ = {isa = PBXFileReference; fileEncoding = 4; lastKnownFileType = sourcecode.c.h; path = PreferenceWindowController.h; sourceTree = "<group>"; };
		BA8A874D17F40AAF00A20250 /* PreferenceWindowController.m */ = {isa = PBXFileReference; fileEncoding = 4; lastKnownFileType = sourcecode.c.objc; path = PreferenceWindowController.m; sourceTree = "<group>"; };
		BA8A874E17F40AAF00A20250 /* PreferenceWindowController.xib */ = {isa = PBXFileReference; fileEncoding = 4; lastKnownFileType = file.xib; path = PreferenceWindowController.xib; sourceTree = "<group>"; };
		BAAC24BE17A3755800C31251 /* XFunnyEditor.xcplugin */ = {isa = PBXFileReference; explicitFileType = wrapper.cfbundle; includeInIndex = 0; path = XFunnyEditor.xcplugin; sourceTree = BUILT_PRODUCTS_DIR; };
		BAAC24C117A3755800C31251 /* AppKit.framework */ = {isa = PBXFileReference; lastKnownFileType = wrapper.framework; name = AppKit.framework; path = System/Library/Frameworks/AppKit.framework; sourceTree = SDKROOT; };
		BAAC24C317A3755800C31251 /* Foundation.framework */ = {isa = PBXFileReference; lastKnownFileType = wrapper.framework; name = Foundation.framework; path = System/Library/Frameworks/Foundation.framework; sourceTree = SDKROOT; };
		BAAC24C717A3755800C31251 /* XFunnyEditor-Info.plist */ = {isa = PBXFileReference; lastKnownFileType = text.plist.xml; path = "XFunnyEditor-Info.plist"; sourceTree = "<group>"; };
		BAAC24C917A3755800C31251 /* en */ = {isa = PBXFileReference; lastKnownFileType = text.plist.strings; name = en; path = en.lproj/InfoPlist.strings; sourceTree = "<group>"; };
		BAAC24CB17A3755800C31251 /* XFunnyEditor.h */ = {isa = PBXFileReference; lastKnownFileType = sourcecode.c.h; path = XFunnyEditor.h; sourceTree = "<group>"; };
		BAAC24CC17A3755800C31251 /* XFunnyEditor.m */ = {isa = PBXFileReference; lastKnownFileType = sourcecode.c.objc; path = XFunnyEditor.m; sourceTree = "<group>"; };
		BAAC24CE17A3755800C31251 /* XFunnyEditor-Prefix.pch */ = {isa = PBXFileReference; lastKnownFileType = sourcecode.c.h; path = "XFunnyEditor-Prefix.pch"; sourceTree = "<group>"; };
/* End PBXFileReference section */

/* Begin PBXFrameworksBuildPhase section */
		BAAC24BB17A3755800C31251 /* Frameworks */ = {
			isa = PBXFrameworksBuildPhase;
			buildActionMask = 2147483647;
			files = (
				BAAC24C217A3755800C31251 /* AppKit.framework in Frameworks */,
				BAAC24C417A3755800C31251 /* Foundation.framework in Frameworks */,
				BA53B91717A37C290065862C /* DVTKit.framework in Frameworks */,
			);
			runOnlyForDeploymentPostprocessing = 0;
		};
/* End PBXFrameworksBuildPhase section */

/* Begin PBXGroup section */
		BAAC24B517A3755800C31251 = {
			isa = PBXGroup;
			children = (
				BAAC24C517A3755800C31251 /* XFunnyEditor */,
				BAAC24C017A3755800C31251 /* Frameworks */,
				BAAC24BF17A3755800C31251 /* Products */,
			);
			sourceTree = "<group>";
		};
		BAAC24BF17A3755800C31251 /* Products */ = {
			isa = PBXGroup;
			children = (
				BAAC24BE17A3755800C31251 /* XFunnyEditor.xcplugin */,
			);
			name = Products;
			sourceTree = "<group>";
		};
		BAAC24C017A3755800C31251 /* Frameworks */ = {
			isa = PBXGroup;
			children = (
				BA53B91617A37C290065862C /* DVTKit.framework */,
				BAAC24C117A3755800C31251 /* AppKit.framework */,
				BAAC24C317A3755800C31251 /* Foundation.framework */,
			);
			name = Frameworks;
			sourceTree = "<group>";
		};
		BAAC24C517A3755800C31251 /* XFunnyEditor */ = {
			isa = PBXGroup;
			children = (
				BAAC24CB17A3755800C31251 /* XFunnyEditor.h */,
				BAAC24CC17A3755800C31251 /* XFunnyEditor.m */,
				BA7A2A2B17F420F5007052DD /* XFunnyBackgroundView.h */,
				BA7A2A2C17F420F5007052DD /* XFunnyBackgroundView.m */,
				BA8A874C17F40AAF00A20250 /* PreferenceWindowController.h */,
				BA8A874D17F40AAF00A20250 /* PreferenceWindowController.m */,
				BA8A874E17F40AAF00A20250 /* PreferenceWindowController.xib */,
				BA53B91217A37AD40065862C /* Xcode.h */,
				BAAC24C617A3755800C31251 /* Supporting Files */,
			);
			path = XFunnyEditor;
			sourceTree = "<group>";
		};
		BAAC24C617A3755800C31251 /* Supporting Files */ = {
			isa = PBXGroup;
			children = (
				BAAC24C717A3755800C31251 /* XFunnyEditor-Info.plist */,
				BAAC24C817A3755800C31251 /* InfoPlist.strings */,
				BAAC24CE17A3755800C31251 /* XFunnyEditor-Prefix.pch */,
			);
			name = "Supporting Files";
			sourceTree = "<group>";
		};
/* End PBXGroup section */

/* Begin PBXNativeTarget section */
		BAAC24BD17A3755800C31251 /* XFunnyEditor */ = {
			isa = PBXNativeTarget;
			buildConfigurationList = BAAC24D117A3755800C31251 /* Build configuration list for PBXNativeTarget "XFunnyEditor" */;
			buildPhases = (
				BAAC24BA17A3755800C31251 /* Sources */,
				BAAC24BB17A3755800C31251 /* Frameworks */,
				BAAC24BC17A3755800C31251 /* Resources */,
			);
			buildRules = (
			);
			dependencies = (
			);
			name = XFunnyEditor;
			productName = XFunnyEditor;
			productReference = BAAC24BE17A3755800C31251 /* XFunnyEditor.xcplugin */;
			productType = "com.apple.product-type.bundle";
		};
/* End PBXNativeTarget section */

/* Begin PBXProject section */
		BAAC24B617A3755800C31251 /* Project object */ = {
			isa = PBXProject;
			attributes = {
				LastUpgradeCheck = 0500;
				ORGANIZATIONNAME = "STAR-ZERO";
			};
			buildConfigurationList = BAAC24B917A3755800C31251 /* Build configuration list for PBXProject "XFunnyEditor" */;
			compatibilityVersion = "Xcode 3.2";
			developmentRegion = English;
			hasScannedForEncodings = 0;
			knownRegions = (
				en,
			);
			mainGroup = BAAC24B517A3755800C31251;
			productRefGroup = BAAC24BF17A3755800C31251 /* Products */;
			projectDirPath = "";
			projectRoot = "";
			targets = (
				BAAC24BD17A3755800C31251 /* XFunnyEditor */,
			);
		};
/* End PBXProject section */

/* Begin PBXResourcesBuildPhase section */
		BAAC24BC17A3755800C31251 /* Resources */ = {
			isa = PBXResourcesBuildPhase;
			buildActionMask = 2147483647;
			files = (
				BA8A875017F40AAF00A20250 /* PreferenceWindowController.xib in Resources */,
				BAAC24CA17A3755800C31251 /* InfoPlist.strings in Resources */,
			);
			runOnlyForDeploymentPostprocessing = 0;
		};
/* End PBXResourcesBuildPhase section */

/* Begin PBXSourcesBuildPhase section */
		BAAC24BA17A3755800C31251 /* Sources */ = {
			isa = PBXSourcesBuildPhase;
			buildActionMask = 2147483647;
			files = (
				BAAC24CD17A3755800C31251 /* XFunnyEditor.m in Sources */,
				BA7A2A2D17F420F5007052DD /* XFunnyBackgroundView.m in Sources */,
				BA8A874F17F40AAF00A20250 /* PreferenceWindowController.m in Sources */,
			);
			runOnlyForDeploymentPostprocessing = 0;
		};
/* End PBXSourcesBuildPhase section */

/* Begin PBXVariantGroup section */
		BAAC24C817A3755800C31251 /* InfoPlist.strings */ = {
			isa = PBXVariantGroup;
			children = (
				BAAC24C917A3755800C31251 /* en */,
			);
			name = InfoPlist.strings;
			sourceTree = "<group>";
		};
/* End PBXVariantGroup section */

/* Begin XCBuildConfiguration section */
		BAAC24CF17A3755800C31251 /* Debug */ = {
			isa = XCBuildConfiguration;
			buildSettings = {
				ALWAYS_SEARCH_USER_PATHS = NO;
				CLANG_CXX_LANGUAGE_STANDARD = "gnu++0x";
				CLANG_CXX_LIBRARY = "libc++";
				CLANG_WARN_CONSTANT_CONVERSION = YES;
				CLANG_WARN_EMPTY_BODY = YES;
				CLANG_WARN_ENUM_CONVERSION = YES;
				CLANG_WARN_INT_CONVERSION = YES;
				CLANG_WARN__DUPLICATE_METHOD_MATCH = YES;
				COPY_PHASE_STRIP = NO;
				GCC_C_LANGUAGE_STANDARD = gnu99;
				GCC_DYNAMIC_NO_PIC = NO;
				GCC_ENABLE_OBJC_EXCEPTIONS = YES;
				GCC_OPTIMIZATION_LEVEL = 0;
				GCC_PREPROCESSOR_DEFINITIONS = (
					"DEBUG=1",
					"$(inherited)",
				);
				GCC_SYMBOLS_PRIVATE_EXTERN = NO;
				GCC_WARN_64_TO_32_BIT_CONVERSION = YES;
				GCC_WARN_ABOUT_RETURN_TYPE = YES;
				GCC_WARN_UNINITIALIZED_AUTOS = YES;
				GCC_WARN_UNUSED_VARIABLE = YES;
				MACOSX_DEPLOYMENT_TARGET = 10.8;
				ONLY_ACTIVE_ARCH = YES;
				SDKROOT = macosx;
			};
			name = Debug;
		};
		BAAC24D017A3755800C31251 /* Release */ = {
			isa = XCBuildConfiguration;
			buildSettings = {
				ALWAYS_SEARCH_USER_PATHS = NO;
				CLANG_CXX_LANGUAGE_STANDARD = "gnu++0x";
				CLANG_CXX_LIBRARY = "libc++";
				CLANG_WARN_CONSTANT_CONVERSION = YES;
				CLANG_WARN_EMPTY_BODY = YES;
				CLANG_WARN_ENUM_CONVERSION = YES;
				CLANG_WARN_INT_CONVERSION = YES;
				CLANG_WARN__DUPLICATE_METHOD_MATCH = YES;
				COPY_PHASE_STRIP = YES;
				DEBUG_INFORMATION_FORMAT = "dwarf-with-dsym";
				GCC_C_LANGUAGE_STANDARD = gnu99;
				GCC_ENABLE_OBJC_EXCEPTIONS = YES;
				GCC_WARN_64_TO_32_BIT_CONVERSION = YES;
				GCC_WARN_ABOUT_RETURN_TYPE = YES;
				GCC_WARN_UNINITIALIZED_AUTOS = YES;
				GCC_WARN_UNUSED_VARIABLE = YES;
				MACOSX_DEPLOYMENT_TARGET = 10.8;
				SDKROOT = macosx;
			};
			name = Release;
		};
		BAAC24D217A3755800C31251 /* Debug */ = {
			isa = XCBuildConfiguration;
			buildSettings = {
				COMBINE_HIDPI_IMAGES = YES;
				DEPLOYMENT_LOCATION = YES;
				DSTROOT = "$(HOME)";
				FRAMEWORK_SEARCH_PATHS = (
					"$(inherited)",
					"\"$(SYSTEM_APPS_DIR)/Xcode.app/Contents/SharedFrameworks\"",
				);
				GCC_PRECOMPILE_PREFIX_HEADER = YES;
				GCC_PREFIX_HEADER = "XFunnyEditor/XFunnyEditor-Prefix.pch";
				INFOPLIST_FILE = "XFunnyEditor/XFunnyEditor-Info.plist";
				INSTALL_PATH = "/Library/Application Support/Developer/Shared/Xcode/Plug-ins";
				PRODUCT_NAME = "$(TARGET_NAME)";
				WRAPPER_EXTENSION = xcplugin;
			};
			name = Debug;
		};
		BAAC24D317A3755800C31251 /* Release */ = {
			isa = XCBuildConfiguration;
			buildSettings = {
				COMBINE_HIDPI_IMAGES = YES;
				DEPLOYMENT_LOCATION = YES;
				DSTROOT = "$(HOME)";
				FRAMEWORK_SEARCH_PATHS = (
					"$(inherited)",
					"\"$(SYSTEM_APPS_DIR)/Xcode.app/Contents/SharedFrameworks\"",
				);
				GCC_PRECOMPILE_PREFIX_HEADER = YES;
				GCC_PREFIX_HEADER = "XFunnyEditor/XFunnyEditor-Prefix.pch";
				INFOPLIST_FILE = "XFunnyEditor/XFunnyEditor-Info.plist";
				INSTALL_PATH = "/Library/Application Support/Developer/Shared/Xcode/Plug-ins";
				PRODUCT_NAME = "$(TARGET_NAME)";
				WRAPPER_EXTENSION = xcplugin;
			};
			name = Release;
		};
/* End XCBuildConfiguration section */

/* Begin XCConfigurationList section */
		BAAC24B917A3755800C31251 /* Build configuration list for PBXProject "XFunnyEditor" */ = {
			isa = XCConfigurationList;
			buildConfigurations = (
				BAAC24CF17A3755800C31251 /* Debug */,
				BAAC24D017A3755800C31251 /* Release */,
			);
			defaultConfigurationIsVisible = 0;
			defaultConfigurationName = Release;
		};
		BAAC24D117A3755800C31251 /* Build configuration list for PBXNativeTarget "XFunnyEditor" */ = {
			isa = XCConfigurationList;
			buildConfigurations = (
				BAAC24D217A3755800C31251 /* Debug */,
				BAAC24D317A3755800C31251 /* Release */,
			);
			defaultConfigurationIsVisible = 0;
			defaultConfigurationName = Release;
		};
/* End XCConfigurationList section */
	};
	rootObject = BAAC24B617A3755800C31251 /* Project object */;
}
